// !$*UTF8*$!
{
	archiveVersion = 1;
	classes = {
	};
	objectVersion = 55;
	objects = {

/* Begin PBXBuildFile section */
		411AE1E6290FC48E006430EB /* RepeatAlarmViewController.swift in Sources */ = {isa = PBXBuildFile; fileRef = 411AE1E5290FC48E006430EB /* RepeatAlarmViewController.swift */; };
		411AE1EA2910F526006430EB /* AlarmLabelViewController.swift in Sources */ = {isa = PBXBuildFile; fileRef = 411AE1E92910F526006430EB /* AlarmLabelViewController.swift */; };
		411AE1EE29127221006430EB /* Day.swift in Sources */ = {isa = PBXBuildFile; fileRef = 411AE1ED29127221006430EB /* Day.swift */; };
		411AE1F029129CB7006430EB /* AlarmInfo.swift in Sources */ = {isa = PBXBuildFile; fileRef = 411AE1EF29129CB7006430EB /* AlarmInfo.swift */; };
		411AE1F22912A0B6006430EB /* UserNotification.swift in Sources */ = {isa = PBXBuildFile; fileRef = 411AE1F12912A0B6006430EB /* UserNotification.swift */; };
		411AE1F429139E0C006430EB /* Date.swift in Sources */ = {isa = PBXBuildFile; fileRef = 411AE1F329139E0C006430EB /* Date.swift */; };
		411AE1F62913B57C006430EB /* AlarmStore.swift in Sources */ = {isa = PBXBuildFile; fileRef = 411AE1F52913B57C006430EB /* AlarmStore.swift */; };
		41608D9428FFE37400EFBEE3 /* AppDelegate.swift in Sources */ = {isa = PBXBuildFile; fileRef = 41608D9328FFE37400EFBEE3 /* AppDelegate.swift */; };
		41608D9628FFE37400EFBEE3 /* SceneDelegate.swift in Sources */ = {isa = PBXBuildFile; fileRef = 41608D9528FFE37400EFBEE3 /* SceneDelegate.swift */; };
		41608D9D28FFE37600EFBEE3 /* Assets.xcassets in Resources */ = {isa = PBXBuildFile; fileRef = 41608D9C28FFE37600EFBEE3 /* Assets.xcassets */; };
		41608DA028FFE37600EFBEE3 /* LaunchScreen.storyboard in Resources */ = {isa = PBXBuildFile; fileRef = 41608D9E28FFE37600EFBEE3 /* LaunchScreen.storyboard */; };
		41608DA828FFE80200EFBEE3 /* TabberViewController.swift in Sources */ = {isa = PBXBuildFile; fileRef = 41608DA728FFE80200EFBEE3 /* TabberViewController.swift */; };
		419A9AD129ACAFCF00D8A5DC /* bensound-clearday-cut.mp3 in Resources */ = {isa = PBXBuildFile; fileRef = 419A9AD029ACAFCF00D8A5DC /* bensound-clearday-cut.mp3 */; };
		419A9AD429ACD0D900D8A5DC /* my_ios_clock_demo.gif in Resources */ = {isa = PBXBuildFile; fileRef = 419A9AD329ACD0D800D8A5DC /* my_ios_clock_demo.gif */; };
		41FEC3E729014498000BAF4D /* world_clock.swift in Sources */ = {isa = PBXBuildFile; fileRef = 41FEC3E629014498000BAF4D /* world_clock.swift */; };
		41FEC3E92901498F000BAF4D /* AlarmViewController.swift in Sources */ = {isa = PBXBuildFile; fileRef = 41FEC3E82901498F000BAF4D /* AlarmViewController.swift */; };
		41FEC3ED29014A0E000BAF4D /* timer.swift in Sources */ = {isa = PBXBuildFile; fileRef = 41FEC3EC29014A0E000BAF4D /* timer.swift */; };
		41FEC3EF29014A5B000BAF4D /* stop_watch.swift in Sources */ = {isa = PBXBuildFile; fileRef = 41FEC3EE29014A5B000BAF4D /* stop_watch.swift */; };
		41FEC3F22907E92C000BAF4D /* WakeUpTableViewCell.swift in Sources */ = {isa = PBXBuildFile; fileRef = 41FEC3F12907E92C000BAF4D /* WakeUpTableViewCell.swift */; };
		41FEC3F52907F961000BAF4D /* AlarmOtherTableViewCell.swift in Sources */ = {isa = PBXBuildFile; fileRef = 41FEC3F42907F960000BAF4D /* AlarmOtherTableViewCell.swift */; };
		41FEC3F8290917A9000BAF4D /* addAlarmController.swift in Sources */ = {isa = PBXBuildFile; fileRef = 41FEC3F7290917A9000BAF4D /* addAlarmController.swift */; };
		41FEC3FA29092153000BAF4D /* AddAlarmTableViewCell.swift in Sources */ = {isa = PBXBuildFile; fileRef = 41FEC3F929092153000BAF4D /* AddAlarmTableViewCell.swift */; };
		41FEC3FC2909298E000BAF4D /* AddAlarmButtonTableViewCell.swift in Sources */ = {isa = PBXBuildFile; fileRef = 41FEC3FB2909298E000BAF4D /* AddAlarmButtonTableViewCell.swift */; };
/* End PBXBuildFile section */

/* Begin PBXFileReference section */
		411AE1E5290FC48E006430EB /* RepeatAlarmViewController.swift */ = {isa = PBXFileReference; lastKnownFileType = sourcecode.swift; path = RepeatAlarmViewController.swift; sourceTree = "<group>"; };
		411AE1E92910F526006430EB /* AlarmLabelViewController.swift */ = {isa = PBXFileReference; lastKnownFileType = sourcecode.swift; path = AlarmLabelViewController.swift; sourceTree = "<group>"; };
		411AE1ED29127221006430EB /* Day.swift */ = {isa = PBXFileReference; lastKnownFileType = sourcecode.swift; path = Day.swift; sourceTree = "<group>"; };
		411AE1EF29129CB7006430EB /* AlarmInfo.swift */ = {isa = PBXFileReference; lastKnownFileType = sourcecode.swift; path = AlarmInfo.swift; sourceTree = "<group>"; };
		411AE1F12912A0B6006430EB /* UserNotification.swift */ = {isa = PBXFileReference; lastKnownFileType = sourcecode.swift; path = UserNotification.swift; sourceTree = "<group>"; };
		411AE1F329139E0C006430EB /* Date.swift */ = {isa = PBXFileReference; lastKnownFileType = sourcecode.swift; path = Date.swift; sourceTree = "<group>"; };
		411AE1F52913B57C006430EB /* AlarmStore.swift */ = {isa = PBXFileReference; lastKnownFileType = sourcecode.swift; path = AlarmStore.swift; sourceTree = "<group>"; };
		41608D9028FFE37400EFBEE3 /* my_ios_clock.app */ = {isa = PBXFileReference; explicitFileType = wrapper.application; includeInIndex = 0; path = my_ios_clock.app; sourceTree = BUILT_PRODUCTS_DIR; };
		41608D9328FFE37400EFBEE3 /* AppDelegate.swift */ = {isa = PBXFileReference; lastKnownFileType = sourcecode.swift; path = AppDelegate.swift; sourceTree = "<group>"; };
		41608D9528FFE37400EFBEE3 /* SceneDelegate.swift */ = {isa = PBXFileReference; lastKnownFileType = sourcecode.swift; path = SceneDelegate.swift; sourceTree = "<group>"; };
		41608D9C28FFE37600EFBEE3 /* Assets.xcassets */ = {isa = PBXFileReference; lastKnownFileType = folder.assetcatalog; path = Assets.xcassets; sourceTree = "<group>"; };
		41608D9F28FFE37600EFBEE3 /* Base */ = {isa = PBXFileReference; lastKnownFileType = file.storyboard; name = Base; path = Base.lproj/LaunchScreen.storyboard; sourceTree = "<group>"; };
		41608DA128FFE37600EFBEE3 /* Info.plist */ = {isa = PBXFileReference; lastKnownFileType = text.plist.xml; path = Info.plist; sourceTree = "<group>"; };
		41608DA728FFE80200EFBEE3 /* TabberViewController.swift */ = {isa = PBXFileReference; lastKnownFileType = sourcecode.swift; path = TabberViewController.swift; sourceTree = "<group>"; };
		419A9AD029ACAFCF00D8A5DC /* bensound-clearday-cut.mp3 */ = {isa = PBXFileReference; lastKnownFileType = audio.mp3; path = "bensound-clearday-cut.mp3"; sourceTree = "<group>"; };
		419A9AD329ACD0D800D8A5DC /* my_ios_clock_demo.gif */ = {isa = PBXFileReference; lastKnownFileType = image.gif; path = my_ios_clock_demo.gif; sourceTree = "<group>"; };
		41FEC3E629014498000BAF4D /* world_clock.swift */ = {isa = PBXFileReference; lastKnownFileType = sourcecode.swift; path = world_clock.swift; sourceTree = "<group>"; };
		41FEC3E82901498F000BAF4D /* AlarmViewController.swift */ = {isa = PBXFileReference; lastKnownFileType = sourcecode.swift; path = AlarmViewController.swift; sourceTree = "<group>"; };
		41FEC3EC29014A0E000BAF4D /* timer.swift */ = {isa = PBXFileReference; lastKnownFileType = sourcecode.swift; path = timer.swift; sourceTree = "<group>"; };
		41FEC3EE29014A5B000BAF4D /* stop_watch.swift */ = {isa = PBXFileReference; lastKnownFileType = sourcecode.swift; path = stop_watch.swift; sourceTree = "<group>"; };
		41FEC3F12907E92C000BAF4D /* WakeUpTableViewCell.swift */ = {isa = PBXFileReference; lastKnownFileType = sourcecode.swift; path = WakeUpTableViewCell.swift; sourceTree = "<group>"; };
		41FEC3F42907F960000BAF4D /* AlarmOtherTableViewCell.swift */ = {isa = PBXFileReference; lastKnownFileType = sourcecode.swift; path = AlarmOtherTableViewCell.swift; sourceTree = "<group>"; };
		41FEC3F7290917A9000BAF4D /* addAlarmController.swift */ = {isa = PBXFileReference; lastKnownFileType = sourcecode.swift; path = addAlarmController.swift; sourceTree = "<group>"; };
		41FEC3F929092153000BAF4D /* AddAlarmTableViewCell.swift */ = {isa = PBXFileReference; lastKnownFileType = sourcecode.swift; path = AddAlarmTableViewCell.swift; sourceTree = "<group>"; };
		41FEC3FB2909298E000BAF4D /* AddAlarmButtonTableViewCell.swift */ = {isa = PBXFileReference; lastKnownFileType = sourcecode.swift; path = AddAlarmButtonTableViewCell.swift; sourceTree = "<group>"; };
/* End PBXFileReference section */

/* Begin PBXFrameworksBuildPhase section */
		41608D8D28FFE37400EFBEE3 /* Frameworks */ = {
			isa = PBXFrameworksBuildPhase;
			buildActionMask = 2147483647;
			files = (
			);
			runOnlyForDeploymentPostprocessing = 0;
		};
/* End PBXFrameworksBuildPhase section */

/* Begin PBXGroup section */
		411AE1EC291271F0006430EB /* module */ = {
			isa = PBXGroup;
			children = (
				411AE1ED29127221006430EB /* Day.swift */,
				411AE1F329139E0C006430EB /* Date.swift */,
				411AE1F12912A0B6006430EB /* UserNotification.swift */,
				411AE1F52913B57C006430EB /* AlarmStore.swift */,
				411AE1EF29129CB7006430EB /* AlarmInfo.swift */,
			);
			path = module;
			sourceTree = "<group>";
		};
		41608D8728FFE37400EFBEE3 = {
			isa = PBXGroup;
			children = (
				419A9AD629ACD0FB00D8A5DC /* Demo */,
				41608D9228FFE37400EFBEE3 /* my_ios_clock */,
				41608D9128FFE37400EFBEE3 /* Products */,
			);
			sourceTree = "<group>";
		};
		41608D9128FFE37400EFBEE3 /* Products */ = {
			isa = PBXGroup;
			children = (
				41608D9028FFE37400EFBEE3 /* my_ios_clock.app */,
			);
			name = Products;
			sourceTree = "<group>";
		};
		41608D9228FFE37400EFBEE3 /* my_ios_clock */ = {
			isa = PBXGroup;
			children = (
				41608D9328FFE37400EFBEE3 /* AppDelegate.swift */,
				41608D9528FFE37400EFBEE3 /* SceneDelegate.swift */,
				41FEC3F02907E6E1000BAF4D /* controller */,
				41FEC3F32907E932000BAF4D /* View */,
				411AE1EC291271F0006430EB /* module */,
				419A9AD229ACB44900D8A5DC /* sound */,
				41608D9C28FFE37600EFBEE3 /* Assets.xcassets */,
				41608D9E28FFE37600EFBEE3 /* LaunchScreen.storyboard */,
				41608DA128FFE37600EFBEE3 /* Info.plist */,
			);
			path = my_ios_clock;
			sourceTree = "<group>";
		};
		419A9AD229ACB44900D8A5DC /* sound */ = {
			isa = PBXGroup;
			children = (
				419A9AD029ACAFCF00D8A5DC /* bensound-clearday-cut.mp3 */,
			);
			path = sound;
			sourceTree = "<group>";
		};
		419A9AD629ACD0FB00D8A5DC /* Demo */ = {
			isa = PBXGroup;
			children = (
				419A9AD329ACD0D800D8A5DC /* my_ios_clock_demo.gif */,
			);
			path = Demo;
			sourceTree = "<group>";
		};
		41FEC3F02907E6E1000BAF4D /* controller */ = {
			isa = PBXGroup;
			children = (
				41608DA728FFE80200EFBEE3 /* TabberViewController.swift */,
				41FEC3E629014498000BAF4D /* world_clock.swift */,
				41FEC3EE29014A5B000BAF4D /* stop_watch.swift */,
				41FEC3EC29014A0E000BAF4D /* timer.swift */,
				41FEC3E82901498F000BAF4D /* AlarmViewController.swift */,
				41FEC3F629091771000BAF4D /* addAlarm */,
			);
			path = controller;
			sourceTree = "<group>";
		};
		41FEC3F32907E932000BAF4D /* View */ = {
			isa = PBXGroup;
			children = (
				41FEC3F42907F960000BAF4D /* AlarmOtherTableViewCell.swift */,
				41FEC3F12907E92C000BAF4D /* WakeUpTableViewCell.swift */,
				41FEC3FB2909298E000BAF4D /* AddAlarmButtonTableViewCell.swift */,
				41FEC3F929092153000BAF4D /* AddAlarmTableViewCell.swift */,
			);
			path = View;
			sourceTree = "<group>";
		};
		41FEC3F629091771000BAF4D /* addAlarm */ = {
			isa = PBXGroup;
			children = (
				41FEC3F7290917A9000BAF4D /* addAlarmController.swift */,
				411AE1E5290FC48E006430EB /* RepeatAlarmViewController.swift */,
				411AE1E92910F526006430EB /* AlarmLabelViewController.swift */,
			);
			path = addAlarm;
			sourceTree = "<group>";
		};
/* End PBXGroup section */

/* Begin PBXNativeTarget section */
		41608D8F28FFE37400EFBEE3 /* my_ios_clock */ = {
			isa = PBXNativeTarget;
			buildConfigurationList = 41608DA428FFE37600EFBEE3 /* Build configuration list for PBXNativeTarget "my_ios_clock" */;
			buildPhases = (
				41608D8C28FFE37400EFBEE3 /* Sources */,
				41608D8D28FFE37400EFBEE3 /* Frameworks */,
				41608D8E28FFE37400EFBEE3 /* Resources */,
			);
			buildRules = (
			);
			dependencies = (
			);
			name = my_ios_clock;
			productName = my_ios_clock;
			productReference = 41608D9028FFE37400EFBEE3 /* my_ios_clock.app */;
			productType = "com.apple.product-type.application";
		};
/* End PBXNativeTarget section */

/* Begin PBXProject section */
		41608D8828FFE37400EFBEE3 /* Project object */ = {
			isa = PBXProject;
			attributes = {
				BuildIndependentTargetsInParallel = 1;
				LastSwiftUpdateCheck = 1330;
				LastUpgradeCheck = 1330;
				TargetAttributes = {
					41608D8F28FFE37400EFBEE3 = {
						CreatedOnToolsVersion = 13.3;
					};
				};
			};
			buildConfigurationList = 41608D8B28FFE37400EFBEE3 /* Build configuration list for PBXProject "my_ios_clock" */;
			compatibilityVersion = "Xcode 13.0";
			developmentRegion = en;
			hasScannedForEncodings = 0;
			knownRegions = (
				en,
				Base,
			);
			mainGroup = 41608D8728FFE37400EFBEE3;
			productRefGroup = 41608D9128FFE37400EFBEE3 /* Products */;
			projectDirPath = "";
			projectRoot = "";
			targets = (
				41608D8F28FFE37400EFBEE3 /* my_ios_clock */,
			);
		};
/* End PBXProject section */

/* Begin PBXResourcesBuildPhase section */
		41608D8E28FFE37400EFBEE3 /* Resources */ = {
			isa = PBXResourcesBuildPhase;
			buildActionMask = 2147483647;
			files = (
				419A9AD429ACD0D900D8A5DC /* my_ios_clock_demo.gif in Resources */,
				419A9AD129ACAFCF00D8A5DC /* bensound-clearday-cut.mp3 in Resources */,
				41608DA028FFE37600EFBEE3 /* LaunchScreen.storyboard in Resources */,
				41608D9D28FFE37600EFBEE3 /* Assets.xcassets in Resources */,
			);
			runOnlyForDeploymentPostprocessing = 0;
		};
/* End PBXResourcesBuildPhase section */

/* Begin PBXSourcesBuildPhase section */
		41608D8C28FFE37400EFBEE3 /* Sources */ = {
			isa = PBXSourcesBuildPhase;
			buildActionMask = 2147483647;
			files = (
				411AE1E6290FC48E006430EB /* RepeatAlarmViewController.swift in Sources */,
				41608DA828FFE80200EFBEE3 /* TabberViewController.swift in Sources */,
				41608D9428FFE37400EFBEE3 /* AppDelegate.swift in Sources */,
				411AE1F029129CB7006430EB /* AlarmInfo.swift in Sources */,
				41FEC3E92901498F000BAF4D /* AlarmViewController.swift in Sources */,
				41FEC3FC2909298E000BAF4D /* AddAlarmButtonTableViewCell.swift in Sources */,
				41FEC3ED29014A0E000BAF4D /* timer.swift in Sources */,
				411AE1F429139E0C006430EB /* Date.swift in Sources */,
				41FEC3F22907E92C000BAF4D /* WakeUpTableViewCell.swift in Sources */,
				41608D9628FFE37400EFBEE3 /* SceneDelegate.swift in Sources */,
				411AE1EE29127221006430EB /* Day.swift in Sources */,
				411AE1F62913B57C006430EB /* AlarmStore.swift in Sources */,
				41FEC3EF29014A5B000BAF4D /* stop_watch.swift in Sources */,
				41FEC3FA29092153000BAF4D /* AddAlarmTableViewCell.swift in Sources */,
				41FEC3F8290917A9000BAF4D /* addAlarmController.swift in Sources */,
				41FEC3F52907F961000BAF4D /* AlarmOtherTableViewCell.swift in Sources */,
				411AE1F22912A0B6006430EB /* UserNotification.swift in Sources */,
				411AE1EA2910F526006430EB /* AlarmLabelViewController.swift in Sources */,
				41FEC3E729014498000BAF4D /* world_clock.swift in Sources */,
			);
			runOnlyForDeploymentPostprocessing = 0;
		};
/* End PBXSourcesBuildPhase section */

/* Begin PBXVariantGroup section */
		41608D9E28FFE37600EFBEE3 /* LaunchScreen.storyboard */ = {
			isa = PBXVariantGroup;
			children = (
				41608D9F28FFE37600EFBEE3 /* Base */,
			);
			name = LaunchScreen.storyboard;
			sourceTree = "<group>";
		};
/* End PBXVariantGroup section */

/* Begin XCBuildConfiguration section */
		41608DA228FFE37600EFBEE3 /* Debug */ = {
			isa = XCBuildConfiguration;
			buildSettings = {
				ALWAYS_SEARCH_USER_PATHS = NO;
				CLANG_ANALYZER_NONNULL = YES;
				CLANG_ANALYZER_NUMBER_OBJECT_CONVERSION = YES_AGGRESSIVE;
				CLANG_CXX_LANGUAGE_STANDARD = "gnu++17";
				CLANG_ENABLE_MODULES = YES;
				CLANG_ENABLE_OBJC_ARC = YES;
				CLANG_ENABLE_OBJC_WEAK = YES;
				CLANG_WARN_BLOCK_CAPTURE_AUTORELEASING = YES;
				CLANG_WARN_BOOL_CONVERSION = YES;
				CLANG_WARN_COMMA = YES;
				CLANG_WARN_CONSTANT_CONVERSION = YES;
				CLANG_WARN_DEPRECATED_OBJC_IMPLEMENTATIONS = YES;
				CLANG_WARN_DIRECT_OBJC_ISA_USAGE = YES_ERROR;
				CLANG_WARN_DOCUMENTATION_COMMENTS = YES;
				CLANG_WARN_EMPTY_BODY = YES;
				CLANG_WARN_ENUM_CONVERSION = YES;
				CLANG_WARN_INFINITE_RECURSION = YES;
				CLANG_WARN_INT_CONVERSION = YES;
				CLANG_WARN_NON_LITERAL_NULL_CONVERSION = YES;
				CLANG_WARN_OBJC_IMPLICIT_RETAIN_SELF = YES;
				CLANG_WARN_OBJC_LITERAL_CONVERSION = YES;
				CLANG_WARN_OBJC_ROOT_CLASS = YES_ERROR;
				CLANG_WARN_QUOTED_INCLUDE_IN_FRAMEWORK_HEADER = YES;
				CLANG_WARN_RANGE_LOOP_ANALYSIS = YES;
				CLANG_WARN_STRICT_PROTOTYPES = YES;
				CLANG_WARN_SUSPICIOUS_MOVE = YES;
				CLANG_WARN_UNGUARDED_AVAILABILITY = YES_AGGRESSIVE;
				CLANG_WARN_UNREACHABLE_CODE = YES;
				CLANG_WARN__DUPLICATE_METHOD_MATCH = YES;
				COPY_PHASE_STRIP = NO;
				DEBUG_INFORMATION_FORMAT = dwarf;
				ENABLE_STRICT_OBJC_MSGSEND = YES;
				ENABLE_TESTABILITY = YES;
				GCC_C_LANGUAGE_STANDARD = gnu11;
				GCC_DYNAMIC_NO_PIC = NO;
				GCC_NO_COMMON_BLOCKS = YES;
				GCC_OPTIMIZATION_LEVEL = 0;
				GCC_PREPROCESSOR_DEFINITIONS = (
					"DEBUG=1",
					"$(inherited)",
				);
				GCC_WARN_64_TO_32_BIT_CONVERSION = YES;
				GCC_WARN_ABOUT_RETURN_TYPE = YES_ERROR;
				GCC_WARN_UNDECLARED_SELECTOR = YES;
				GCC_WARN_UNINITIALIZED_AUTOS = YES_AGGRESSIVE;
				GCC_WARN_UNUSED_FUNCTION = YES;
				GCC_WARN_UNUSED_VARIABLE = YES;
				IPHONEOS_DEPLOYMENT_TARGET = 15.4;
				MTL_ENABLE_DEBUG_INFO = INCLUDE_SOURCE;
				MTL_FAST_MATH = YES;
				ONLY_ACTIVE_ARCH = YES;
				SDKROOT = iphoneos;
				SWIFT_ACTIVE_COMPILATION_CONDITIONS = DEBUG;
				SWIFT_OPTIMIZATION_LEVEL = "-Onone";
			};
			name = Debug;
		};
		41608DA328FFE37600EFBEE3 /* Release */ = {
			isa = XCBuildConfiguration;
			buildSettings = {
				ALWAYS_SEARCH_USER_PATHS = NO;
				CLANG_ANALYZER_NONNULL = YES;
				CLANG_ANALYZER_NUMBER_OBJECT_CONVERSION = YES_AGGRESSIVE;
				CLANG_CXX_LANGUAGE_STANDARD = "gnu++17";
				CLANG_ENABLE_MODULES = YES;
				CLANG_ENABLE_OBJC_ARC = YES;
				CLANG_ENABLE_OBJC_WEAK = YES;
				CLANG_WARN_BLOCK_CAPTURE_AUTORELEASING = YES;
				CLANG_WARN_BOOL_CONVERSION = YES;
				CLANG_WARN_COMMA = YES;
				CLANG_WARN_CONSTANT_CONVERSION = YES;
				CLANG_WARN_DEPRECATED_OBJC_IMPLEMENTATIONS = YES;
				CLANG_WARN_DIRECT_OBJC_ISA_USAGE = YES_ERROR;
				CLANG_WARN_DOCUMENTATION_COMMENTS = YES;
				CLANG_WARN_EMPTY_BODY = YES;
				CLANG_WARN_ENUM_CONVERSION = YES;
				CLANG_WARN_INFINITE_RECURSION = YES;
				CLANG_WARN_INT_CONVERSION = YES;
				CLANG_WARN_NON_LITERAL_NULL_CONVERSION = YES;
				CLANG_WARN_OBJC_IMPLICIT_RETAIN_SELF = YES;
				CLANG_WARN_OBJC_LITERAL_CONVERSION = YES;
				CLANG_WARN_OBJC_ROOT_CLASS = YES_ERROR;
				CLANG_WARN_QUOTED_INCLUDE_IN_FRAMEWORK_HEADER = YES;
				CLANG_WARN_RANGE_LOOP_ANALYSIS = YES;
				CLANG_WARN_STRICT_PROTOTYPES = YES;
				CLANG_WARN_SUSPICIOUS_MOVE = YES;
				CLANG_WARN_UNGUARDED_AVAILABILITY = YES_AGGRESSIVE;
				CLANG_WARN_UNREACHABLE_CODE = YES;
				CLANG_WARN__DUPLICATE_METHOD_MATCH = YES;
				COPY_PHASE_STRIP = NO;
				DEBUG_INFORMATION_FORMAT = "dwarf-with-dsym";
				ENABLE_NS_ASSERTIONS = NO;
				ENABLE_STRICT_OBJC_MSGSEND = YES;
				GCC_C_LANGUAGE_STANDARD = gnu11;
				GCC_NO_COMMON_BLOCKS = YES;
				GCC_WARN_64_TO_32_BIT_CONVERSION = YES;
				GCC_WARN_ABOUT_RETURN_TYPE = YES_ERROR;
				GCC_WARN_UNDECLARED_SELECTOR = YES;
				GCC_WARN_UNINITIALIZED_AUTOS = YES_AGGRESSIVE;
				GCC_WARN_UNUSED_FUNCTION = YES;
				GCC_WARN_UNUSED_VARIABLE = YES;
				IPHONEOS_DEPLOYMENT_TARGET = 15.4;
				MTL_ENABLE_DEBUG_INFO = NO;
				MTL_FAST_MATH = YES;
				SDKROOT = iphoneos;
				SWIFT_COMPILATION_MODE = wholemodule;
				SWIFT_OPTIMIZATION_LEVEL = "-O";
				VALIDATE_PRODUCT = YES;
			};
			name = Release;
		};
		41608DA528FFE37600EFBEE3 /* Debug */ = {
			isa = XCBuildConfiguration;
			buildSettings = {
				ASSETCATALOG_COMPILER_APPICON_NAME = AppIcon;
				ASSETCATALOG_COMPILER_GLOBAL_ACCENT_COLOR_NAME = AccentColor;
				CODE_SIGN_STYLE = Automatic;
				CURRENT_PROJECT_VERSION = 1;
				DEVELOPMENT_TEAM = 8L4LV9LH2B;
				GENERATE_INFOPLIST_FILE = YES;
				INFOPLIST_FILE = my_ios_clock/Info.plist;
				INFOPLIST_KEY_UIApplicationSupportsIndirectInputEvents = YES;
				INFOPLIST_KEY_UILaunchStoryboardName = LaunchScreen;
				INFOPLIST_KEY_UISupportedInterfaceOrientations_iPad = "UIInterfaceOrientationPortrait UIInterfaceOrientationPortraitUpsideDown UIInterfaceOrientationLandscapeLeft UIInterfaceOrientationLandscapeRight";
				INFOPLIST_KEY_UISupportedInterfaceOrientations_iPhone = "UIInterfaceOrientationPortrait UIInterfaceOrientationLandscapeLeft UIInterfaceOrientationLandscapeRight";
				LD_RUNPATH_SEARCH_PATHS = (
					"$(inherited)",
					"@executable_path/Frameworks",
				);
				MARKETING_VERSION = 1.0;
				PRODUCT_BUNDLE_IDENTIFIER = "-050.my-ios-clock";
				PRODUCT_NAME = "$(TARGET_NAME)";
				SWIFT_EMIT_LOC_STRINGS = YES;
				SWIFT_VERSION = 5.0;
				TARGETED_DEVICE_FAMILY = "1,2";
			};
			name = Debug;
		};
		41608DA628FFE37600EFBEE3 /* Release */ = {
			isa = XCBuildConfiguration;
			buildSettings = {
				ASSETCATALOG_COMPILER_APPICON_NAME = AppIcon;
				ASSETCATALOG_COMPILER_GLOBAL_ACCENT_COLOR_NAME = AccentColor;
				CODE_SIGN_STYLE = Automatic;
				CURRENT_PROJECT_VERSION = 1;
				DEVELOPMENT_TEAM = 8L4LV9LH2B;
				GENERATE_INFOPLIST_FILE = YES;
				INFOPLIST_FILE = my_ios_clock/Info.plist;
				INFOPLIST_KEY_UIApplicationSupportsIndirectInputEvents = YES;
				INFOPLIST_KEY_UILaunchStoryboardName = LaunchScreen;
				INFOPLIST_KEY_UISupportedInterfaceOrientations_iPad = "UIInterfaceOrientationPortrait UIInterfaceOrientationPortraitUpsideDown UIInterfaceOrientationLandscapeLeft UIInterfaceOrientationLandscapeRight";
				INFOPLIST_KEY_UISupportedInterfaceOrientations_iPhone = "UIInterfaceOrientationPortrait UIInterfaceOrientationLandscapeLeft UIInterfaceOrientationLandscapeRight";
				LD_RUNPATH_SEARCH_PATHS = (
					"$(inherited)",
					"@executable_path/Frameworks",
				);
				MARKETING_VERSION = 1.0;
				PRODUCT_BUNDLE_IDENTIFIER = "-050.my-ios-clock";
				PRODUCT_NAME = "$(TARGET_NAME)";
				SWIFT_EMIT_LOC_STRINGS = YES;
				SWIFT_VERSION = 5.0;
				TARGETED_DEVICE_FAMILY = "1,2";
			};
			name = Release;
		};
/* End XCBuildConfiguration section */

/* Begin XCConfigurationList section */
		41608D8B28FFE37400EFBEE3 /* Build configuration list for PBXProject "my_ios_clock" */ = {
			isa = XCConfigurationList;
			buildConfigurations = (
				41608DA228FFE37600EFBEE3 /* Debug */,
				41608DA328FFE37600EFBEE3 /* Release */,
			);
			defaultConfigurationIsVisible = 0;
			defaultConfigurationName = Release;
		};
		41608DA428FFE37600EFBEE3 /* Build configuration list for PBXNativeTarget "my_ios_clock" */ = {
			isa = XCConfigurationList;
			buildConfigurations = (
				41608DA528FFE37600EFBEE3 /* Debug */,
				41608DA628FFE37600EFBEE3 /* Release */,
			);
			defaultConfigurationIsVisible = 0;
			defaultConfigurationName = Release;
		};
/* End XCConfigurationList section */
	};
	rootObject = 41608D8828FFE37400EFBEE3 /* Project object */;
}
